<?xml version="1.0" encoding="utf-8"?>
<Project ToolsVersion="4.0" xmlns="http://schemas.microsoft.com/developer/msbuild/2003">
  <ItemGroup>
    <Filter Include="源文件">
      <UniqueIdentifier>{4FC737F1-C7A5-4376-A066-2A32D752A2FF}</UniqueIdentifier>
      <Extensions>cpp;c;cc;cxx;def;odl;idl;hpj;bat;asm;asmx</Extensions>
    </Filter>
    <Filter Include="头文件">
      <UniqueIdentifier>{93995380-89BD-4b04-88EB-625FBE52EBFB}</UniqueIdentifier>
      <Extensions>h;hpp;hxx;hm;inl;inc;xsd</Extensions>
    </Filter>
    <Filter Include="资源文件">
      <UniqueIdentifier>{67DA6AB6-F800-4c08-8B7A-83BB121AAD01}</UniqueIdentifier>
      <Extensions>rc;ico;cur;bmp;dlg;rc2;rct;bin;rgs;gif;jpg;jpeg;jpe;resx;tiff;tif;png;wav;mfcribbon-ms</Extensions>
    </Filter>
    <Filter Include="Common">
      <UniqueIdentifier>{64b62789-b8f3-4627-b87e-4dab9d4d0354}</UniqueIdentifier>
    </Filter>
    <Filter Include="Business">
      <UniqueIdentifier>{36a97e64-13a5-4454-b234-0daf6eca0fa9}</UniqueIdentifier>
    </Filter>
  </ItemGroup>
  <ItemGroup>
    <None Include="ReadMe.txt" />
    <None Include="res\GeoMeasure.rc2">
      <Filter>资源文件</Filter>
    </None>
    <None Include="res\GeoMeasure.ico">
      <Filter>资源文件</Filter>
    </None>
  </ItemGroup>
  <ItemGroup>
    <ClInclude Include="GeoMeasure.h">
      <Filter>头文件</Filter>
    </ClInclude>
    <ClInclude Include="GeoMeasureDlg.h">
      <Filter>头文件</Filter>
    </ClInclude>
    <ClInclude Include="stdafx.h">
      <Filter>头文件</Filter>
    </ClInclude>
    <ClInclude Include="targetver.h">
      <Filter>头文件</Filter>
    </ClInclude>
    <ClInclude Include="Resource.h">
      <Filter>头文件</Filter>
    </ClInclude>
    <ClInclude Include="BsAnalyeStruct.h">
      <Filter>Business</Filter>
    </ClInclude>
    <ClInclude Include="BsAnalyzeGeo.h">
      <Filter>Business</Filter>
    </ClInclude>
    <ClInclude Include="BsMainTask.h">
      <Filter>Business</Filter>
    </ClInclude>
    <ClInclude Include="C:\SourceCode\Utility\CmFunction\CmDefStruct.h">
      <Filter>Common</Filter>
    </ClInclude>
    <ClInclude Include="C:\SourceCode\Utility\CmFunction\CmDefType.h">
      <Filter>Common</Filter>
    </ClInclude>
    <ClInclude Include="C:\SourceCode\Utility\CmFunction\CmFunction.h">
      <Filter>Common</Filter>
    </ClInclude>
    <ClInclude Include="C:\SourceCode\Utility\Log\CmLog.h">
      <Filter>Common</Filter>
    </ClInclude>
    <ClInclude Include="C:\SourceCode\Utility\Socket\CmAbstractTransf.h">
      <Filter>Common</Filter>
    </ClInclude>
    <ClInclude Include="C:\SourceCode\Utility\Socket\CmTransTcp.h">
      <Filter>Common</Filter>
    </ClInclude>
    <ClInclude Include="C:\SourceCode\Utility\Socket\CmTransUdp.h">
      <Filter>Common</Filter>
    </ClInclude>
    <ClInclude Include="C:\SourceCode\Utility\Thread\CmThread.h">
      <Filter>Common</Filter>
    </ClInclude>
    <ClInclude Include="C:\SourceCode\Utility\Thread\CmThreadPool.h">
      <Filter>Common</Filter>
    </ClInclude>
    <ClInclude Include="C:\SourceCode\thirdPart\ijl\Cmijlutil.h">
      <Filter>Common</Filter>
    </ClInclude>
    <ClInclude Include="C:\SourceCode\thirdPart\opencv\CmCvvImage.h">
      <Filter>Common</Filter>
    </ClInclude>
    <ClInclude Include="C:\SourceCode\thirdPart\opencv\CmOpenCvDll.h">
      <Filter>Common</Filter>
    </ClInclude>
  </ItemGroup>
  <ItemGroup>
    <ClCompile Include="GeoMeasure.cpp">
      <Filter>源文件</Filter>
    </ClCompile>
    <ClCompile Include="GeoMeasureDlg.cpp">
      <Filter>源文件</Filter>
    </ClCompile>
    <ClCompile Include="stdafx.cpp">
      <Filter>源文件</Filter>
    </ClCompile>
    <ClCompile Include="BsAnalyeStruct.cpp">
      <Filter>Business</Filter>
    </ClCompile>
    <ClCompile Include="BsAnalyzeGeo.cpp">
      <Filter>Business</Filter>
    </ClCompile>
    <ClCompile Include="BsMainTask.cpp">
      <Filter>Business</Filter>
    </ClCompile>
    <ClCompile Include="C:\SourceCode\Utility\CmFunction\CmFunction.cpp">
      <Filter>Common</Filter>
    </ClCompile>
    <ClCompile Include="C:\SourceCode\Utility\Log\CmLog.cpp">
      <Filter>Common</Filter>
    </ClCompile>
    <ClCompile Include="C:\SourceCode\Utility\Socket\CmAbstractTransf.cpp">
      <Filter>Common</Filter>
    </ClCompile>
    <ClCompile Include="C:\SourceCode\Utility\Socket\CmTransTcp.cpp">
      <Filter>Common</Filter>
    </ClCompile>
    <ClCompile Include="C:\SourceCode\Utility\Socket\CmTransUdp.cpp">
      <Filter>Common</Filter>
    </ClCompile>
    <ClCompile Include="C:\SourceCode\Utility\Thread\CmThread.cpp">
      <Filter>Common</Filter>
    </ClCompile>
    <ClCompile Include="C:\SourceCode\Utility\Thread\CmThreadPool.cpp">
      <Filter>Common</Filter>
    </ClCompile>
    <ClCompile Include="C:\SourceCode\thirdPart\ijl\Cmijlutil.cpp">
      <Filter>Common</Filter>
    </ClCompile>
    <ClCompile Include="C:\SourceCode\thirdPart\opencv\CmCvvImage.cpp">
      <Filter>Common</Filter>
    </ClCompile>
    <ClCompile Include="C:\SourceCode\thirdPart\opencv\CmOpenCvDll.cpp">
      <Filter>Common</Filter>
    </ClCompile>
  </ItemGroup>
  <ItemGroup>
    <ResourceCompile Include="GeoMeasure.rc">
      <Filter>资源文件</Filter>
    </ResourceCompile>
  </ItemGroup>
</Project>