
Microsoft Visual Studio Solution File, Format Version 11.00
# Visual Studio 2010
Project("{8BC9CEB8-8B4A-11D0-8D11-00A0C91BC942}") = "MasException", "MasException\MasException.vcxproj", "{7342E05E-ACA9-4B9C-BF91-211F25E2A740}"
EndProject
Global
	GlobalSection(SolutionConfigurationPlatforms) = preSolution
		Debug|Win32 = Debug|Win32
		Release|Win32 = Release|Win32
	EndGlobalSection
	GlobalSection(ProjectConfigurationPlatforms) = postSolution
		{7342E05E-ACA9-4B9C-BF91-211F25E2A740}.Debug|Win32.ActiveCfg = Debug|Win32
		{7342E05E-ACA9-4B9C-BF91-211F25E2A740}.Debug|Win32.Build.0 = Debug|Win32
		{7342E05E-ACA9-4B9C-BF91-211F25E2A740}.Release|Win32.ActiveCfg = Release|Win32
		{7342E05E-ACA9-4B9C-BF91-211F25E2A740}.Release|Win32.Build.0 = Release|Win32
	EndGlobalSection
	GlobalSection(SolutionProperties) = preSolution
		HideSolutionNode = FALSE
	EndGlobalSection
EndGlobal
